{
  "version": 4,
  "terraform_version": "1.14.3",
  "serial": 1,
  "lineage": "e1037f5b-3ace-8955-ca1b-c29f86042cf9",
  "outputs": {
    "file_path": {
      "value": "./hello.txt",
      "type": "string"
    }
  },
  "resources": [
    {
      "mode": "managed",
      "type": "local_file",
      "name": "hello",
      "provider": "provider[\"registry.terraform.io/hashicorp/local\"]",
      "instances": [
        {
          "schema_version": 0,
          "attributes": {
            "content": "Terraform works. I touched it with my hands.",
            "content_base64": null,
            "content_base64sha256": "allI2ZfbwBM/WqMziP46EOtpQe9K9FeRpEbX1ah4yA8=",
            "content_base64sha512": "pl2XN8VB4b69eRkMxU7q6gZfuIWz/wh1DbOqNojabn079Q9j8n4ZGvAfZMVvrySwwBjSc0M5TSpWNvW6ccFRsA==",
            "content_md5": "b8e98fbd2e419239f82706bc76199f04",
            "content_sha1": "0473d348fd1ec856e19e61e1c2a3b2e4ed34d010",
            "content_sha256": "6a5948d997dbc0133f5aa33388fe3a10eb6941ef4af45791a446d7d5a878c80f",
            "content_sha512": "a65d9737c541e1bebd79190cc54eeaea065fb885b3ff08750db3aa3688da6e7d3bf50f63f27e191af01f64c56faf24b0c018d27343394d2a5636f5ba71c151b0",
            "directory_permission": "0777",
            "file_permission": "0777",
            "filename": "./hello.txt",
            "id": "0473d348fd1ec856e19e61e1c2a3b2e4ed34d010",
            "sensitive_content": null,
            "source": null
          },
          "sensitive_attributes": [
            [
              {
                "type": "get_attr",
                "value": "sensitive_content"
              }
            ]
          ],
          "identity_schema_version": 0
        }
      ]
    }
  ],
  "check_results": null
}
